
Microsoft Visual Studio Solution File, Format Version 12.00
# Visual Studio Version 16
VisualStudioVersion = 16.0.31112.23
MinimumVisualStudioVersion = 10.0.40219.1
Project("{FAE04EC0-301F-11D3-BF4B-00C04F79EFBC}") = "PathologyClient", "PathologyClient\PathologyClient.csproj", "{39676FC7-31D9-4574-8669-58145286B38D}"
EndProject
Project("{FAE04EC0-301F-11D3-BF4B-00C04F79EFBC}") = "DBHelper", "DBhleper\DBHelper.csproj", "{EFDE79AC-F2FA-425C-A426-02697B92CA7D}"
EndProject
Project("{FAE04EC0-301F-11D3-BF4B-00C04F79EFBC}") = "WebServiceApp", "WebServiceApp\WebServiceApp.csproj", "{E004B1DB-69C9-4C14-BBFC-B0092B80FD60}"
EndProject
Project("{FAE04EC0-301F-11D3-BF4B-00C04F79EFBC}") = "EntityModel", "EntityModel\EntityModel.csproj", "{DA8222DF-985C-4532-BE17-9B9BE9EDFDA2}"
EndProject
Project("{FAE04EC0-301F-11D3-BF4B-00C04F79EFBC}") = "PublicBaseLib", "PublicBaseLib\PublicBaseLib.csproj", "{D61444F0-3631-43E1-B8E7-D865FF9CD9E4}"
EndProject
Project("{54435603-DBB4-11D2-8724-00A0C9A8B90C}") = "ClientPathSetup", "ClientPathSetup\ClientPathSetup.vdproj", "{E3D30C28-9EF4-4870-89A6-3BFF0D827E37}"
EndProject
Global
	GlobalSection(SolutionConfigurationPlatforms) = preSolution
		Debug|Any CPU = Debug|Any CPU
		Debug|Mixed Platforms = Debug|Mixed Platforms
		Debug|x86 = Debug|x86
		Debug-NET35|Any CPU = Debug-NET35|Any CPU
		Debug-NET35|Mixed Platforms = Debug-NET35|Mixed Platforms
		Debug-NET35|x86 = Debug-NET35|x86
		Debug-NET40|Any CPU = Debug-NET40|Any CPU
		Debug-NET40|Mixed Platforms = Debug-NET40|Mixed Platforms
		Debug-NET40|x86 = Debug-NET40|x86
		Release|Any CPU = Release|Any CPU
		Release|Mixed Platforms = Release|Mixed Platforms
		Release|x86 = Release|x86
		Release-NET35|Any CPU = Release-NET35|Any CPU
		Release-NET35|Mixed Platforms = Release-NET35|Mixed Platforms
		Release-NET35|x86 = Release-NET35|x86
		Release-NET40|Any CPU = Release-NET40|Any CPU
		Release-NET40|Mixed Platforms = Release-NET40|Mixed Platforms
		Release-NET40|x86 = Release-NET40|x86
	EndGlobalSection
	GlobalSection(ProjectConfigurationPlatforms) = postSolution
		{39676FC7-31D9-4574-8669-58145286B38D}.Debug|Any CPU.ActiveCfg = Debug|x86
		{39676FC7-31D9-4574-8669-58145286B38D}.Debug|Mixed Platforms.ActiveCfg = Debug|x86
		{39676FC7-31D9-4574-8669-58145286B38D}.Debug|Mixed Platforms.Build.0 = Debug|x86
		{39676FC7-31D9-4574-8669-58145286B38D}.Debug|x86.ActiveCfg = Debug|x86
		{39676FC7-31D9-4574-8669-58145286B38D}.Debug|x86.Build.0 = Debug|x86
		{39676FC7-31D9-4574-8669-58145286B38D}.Debug-NET35|Any CPU.ActiveCfg = Debug|Any CPU
		{39676FC7-31D9-4574-8669-58145286B38D}.Debug-NET35|Any CPU.Build.0 = Debug|Any CPU
		{39676FC7-31D9-4574-8669-58145286B38D}.Debug-NET35|Mixed Platforms.ActiveCfg = Debug|x86
		{39676FC7-31D9-4574-8669-58145286B38D}.Debug-NET35|Mixed Platforms.Build.0 = Debug|x86
		{39676FC7-31D9-4574-8669-58145286B38D}.Debug-NET35|x86.ActiveCfg = Debug|x86
		{39676FC7-31D9-4574-8669-58145286B38D}.Debug-NET35|x86.Build.0 = Debug|x86
		{39676FC7-31D9-4574-8669-58145286B38D}.Debug-NET40|Any CPU.ActiveCfg = Debug|Any CPU
		{39676FC7-31D9-4574-8669-58145286B38D}.Debug-NET40|Any CPU.Build.0 = Debug|Any CPU
		{39676FC7-31D9-4574-8669-58145286B38D}.Debug-NET40|Mixed Platforms.ActiveCfg = Debug|x86
		{39676FC7-31D9-4574-8669-58145286B38D}.Debug-NET40|Mixed Platforms.Build.0 = Debug|x86
		{39676FC7-31D9-4574-8669-58145286B38D}.Debug-NET40|x86.ActiveCfg = Debug|x86
		{39676FC7-31D9-4574-8669-58145286B38D}.Debug-NET40|x86.Build.0 = Debug|x86
		{39676FC7-31D9-4574-8669-58145286B38D}.Release|Any CPU.ActiveCfg = Release|Any CPU
		{39676FC7-31D9-4574-8669-58145286B38D}.Release|Any CPU.Build.0 = Release|Any CPU
		{39676FC7-31D9-4574-8669-58145286B38D}.Release|Mixed Platforms.ActiveCfg = Release|x86
		{39676FC7-31D9-4574-8669-58145286B38D}.Release|Mixed Platforms.Build.0 = Release|x86
		{39676FC7-31D9-4574-8669-58145286B38D}.Release|x86.ActiveCfg = Release|x86
		{39676FC7-31D9-4574-8669-58145286B38D}.Release|x86.Build.0 = Release|x86
		{39676FC7-31D9-4574-8669-58145286B38D}.Release-NET35|Any CPU.ActiveCfg = Release|Any CPU
		{39676FC7-31D9-4574-8669-58145286B38D}.Release-NET35|Any CPU.Build.0 = Release|Any CPU
		{39676FC7-31D9-4574-8669-58145286B38D}.Release-NET35|Mixed Platforms.ActiveCfg = Release|x86
		{39676FC7-31D9-4574-8669-58145286B38D}.Release-NET35|Mixed Platforms.Build.0 = Release|x86
		{39676FC7-31D9-4574-8669-58145286B38D}.Release-NET35|x86.ActiveCfg = Release|x86
		{39676FC7-31D9-4574-8669-58145286B38D}.Release-NET35|x86.Build.0 = Release|x86
		{39676FC7-31D9-4574-8669-58145286B38D}.Release-NET40|Any CPU.ActiveCfg = Release|Any CPU
		{39676FC7-31D9-4574-8669-58145286B38D}.Release-NET40|Any CPU.Build.0 = Release|Any CPU
		{39676FC7-31D9-4574-8669-58145286B38D}.Release-NET40|Mixed Platforms.ActiveCfg = Release|x86
		{39676FC7-31D9-4574-8669-58145286B38D}.Release-NET40|Mixed Platforms.Build.0 = Release|x86
		{39676FC7-31D9-4574-8669-58145286B38D}.Release-NET40|x86.ActiveCfg = Release|x86
		{39676FC7-31D9-4574-8669-58145286B38D}.Release-NET40|x86.Build.0 = Release|x86
		{EFDE79AC-F2FA-425C-A426-02697B92CA7D}.Debug|Any CPU.ActiveCfg = Debug|x86
		{EFDE79AC-F2FA-425C-A426-02697B92CA7D}.Debug|Any CPU.Build.0 = Debug|x86
		{EFDE79AC-F2FA-425C-A426-02697B92CA7D}.Debug|Mixed Platforms.ActiveCfg = Debug|x86
		{EFDE79AC-F2FA-425C-A426-02697B92CA7D}.Debug|Mixed Platforms.Build.0 = Debug|x86
		{EFDE79AC-F2FA-425C-A426-02697B92CA7D}.Debug|x86.ActiveCfg = Debug|x86
		{EFDE79AC-F2FA-425C-A426-02697B92CA7D}.Debug|x86.Build.0 = Debug|x86
		{EFDE79AC-F2FA-425C-A426-02697B92CA7D}.Debug-NET35|Any CPU.ActiveCfg = Debug|Any CPU
		{EFDE79AC-F2FA-425C-A426-02697B92CA7D}.Debug-NET35|Any CPU.Build.0 = Debug|Any CPU
		{EFDE79AC-F2FA-425C-A426-02697B92CA7D}.Debug-NET35|Mixed Platforms.ActiveCfg = Debug|x86
		{EFDE79AC-F2FA-425C-A426-02697B92CA7D}.Debug-NET35|Mixed Platforms.Build.0 = Debug|x86
		{EFDE79AC-F2FA-425C-A426-02697B92CA7D}.Debug-NET35|x86.ActiveCfg = Debug|x86
		{EFDE79AC-F2FA-425C-A426-02697B92CA7D}.Debug-NET35|x86.Build.0 = Debug|x86
		{EFDE79AC-F2FA-425C-A426-02697B92CA7D}.Debug-NET40|Any CPU.ActiveCfg = Debug|Any CPU
		{EFDE79AC-F2FA-425C-A426-02697B92CA7D}.Debug-NET40|Any CPU.Build.0 = Debug|Any CPU
		{EFDE79AC-F2FA-425C-A426-02697B92CA7D}.Debug-NET40|Mixed Platforms.ActiveCfg = Debug|x86
		{EFDE79AC-F2FA-425C-A426-02697B92CA7D}.Debug-NET40|Mixed Platforms.Build.0 = Debug|x86
		{EFDE79AC-F2FA-425C-A426-02697B92CA7D}.Debug-NET40|x86.ActiveCfg = Debug|x86
		{EFDE79AC-F2FA-425C-A426-02697B92CA7D}.Debug-NET40|x86.Build.0 = Debug|x86
		{EFDE79AC-F2FA-425C-A426-02697B92CA7D}.Release|Any CPU.ActiveCfg = Release|x86
		{EFDE79AC-F2FA-425C-A426-02697B92CA7D}.Release|Any CPU.Build.0 = Release|x86
		{EFDE79AC-F2FA-425C-A426-02697B92CA7D}.Release|Mixed Platforms.ActiveCfg = Release|x86
		{EFDE79AC-F2FA-425C-A426-02697B92CA7D}.Release|Mixed Platforms.Build.0 = Release|x86
		{EFDE79AC-F2FA-425C-A426-02697B92CA7D}.Release|x86.ActiveCfg = Release|x86
		{EFDE79AC-F2FA-425C-A426-02697B92CA7D}.Release|x86.Build.0 = Release|x86
		{EFDE79AC-F2FA-425C-A426-02697B92CA7D}.Release-NET35|Any CPU.ActiveCfg = Release|Any CPU
		{EFDE79AC-F2FA-425C-A426-02697B92CA7D}.Release-NET35|Any CPU.Build.0 = Release|Any CPU
		{EFDE79AC-F2FA-425C-A426-02697B92CA7D}.Release-NET35|Mixed Platforms.ActiveCfg = Release|x86
		{EFDE79AC-F2FA-425C-A426-02697B92CA7D}.Release-NET35|Mixed Platforms.Build.0 = Release|x86
		{EFDE79AC-F2FA-425C-A426-02697B92CA7D}.Release-NET35|x86.ActiveCfg = Release|x86
		{EFDE79AC-F2FA-425C-A426-02697B92CA7D}.Release-NET35|x86.Build.0 = Release|x86
		{EFDE79AC-F2FA-425C-A426-02697B92CA7D}.Release-NET40|Any CPU.ActiveCfg = Release|Any CPU
		{EFDE79AC-F2FA-425C-A426-02697B92CA7D}.Release-NET40|Any CPU.Build.0 = Release|Any CPU
		{EFDE79AC-F2FA-425C-A426-02697B92CA7D}.Release-NET40|Mixed Platforms.ActiveCfg = Release|x86
		{EFDE79AC-F2FA-425C-A426-02697B92CA7D}.Release-NET40|Mixed Platforms.Build.0 = Release|x86
		{EFDE79AC-F2FA-425C-A426-02697B92CA7D}.Release-NET40|x86.ActiveCfg = Release|x86
		{EFDE79AC-F2FA-425C-A426-02697B92CA7D}.Release-NET40|x86.Build.0 = Release|x86
		{E004B1DB-69C9-4C14-BBFC-B0092B80FD60}.Debug|Any CPU.ActiveCfg = Debug|x86
		{E004B1DB-69C9-4C14-BBFC-B0092B80FD60}.Debug|Any CPU.Build.0 = Debug|x86
		{E004B1DB-69C9-4C14-BBFC-B0092B80FD60}.Debug|Mixed Platforms.ActiveCfg = Debug|x86
		{E004B1DB-69C9-4C14-BBFC-B0092B80FD60}.Debug|Mixed Platforms.Build.0 = Debug|x86
		{E004B1DB-69C9-4C14-BBFC-B0092B80FD60}.Debug|x86.ActiveCfg = Debug|x86
		{E004B1DB-69C9-4C14-BBFC-B0092B80FD60}.Debug|x86.Build.0 = Debug|x86
		{E004B1DB-69C9-4C14-BBFC-B0092B80FD60}.Debug-NET35|Any CPU.ActiveCfg = Debug|Any CPU
		{E004B1DB-69C9-4C14-BBFC-B0092B80FD60}.Debug-NET35|Any CPU.Build.0 = Debug|Any CPU
		{E004B1DB-69C9-4C14-BBFC-B0092B80FD60}.Debug-NET35|Mixed Platforms.ActiveCfg = Debug|x86
		{E004B1DB-69C9-4C14-BBFC-B0092B80FD60}.Debug-NET35|Mixed Platforms.Build.0 = Debug|x86
		{E004B1DB-69C9-4C14-BBFC-B0092B80FD60}.Debug-NET35|x86.ActiveCfg = Debug|x86
		{E004B1DB-69C9-4C14-BBFC-B0092B80FD60}.Debug-NET35|x86.Build.0 = Debug|x86
		{E004B1DB-69C9-4C14-BBFC-B0092B80FD60}.Debug-NET40|Any CPU.ActiveCfg = Debug|Any CPU
		{E004B1DB-69C9-4C14-BBFC-B0092B80FD60}.Debug-NET40|Any CPU.Build.0 = Debug|Any CPU
		{E004B1DB-69C9-4C14-BBFC-B0092B80FD60}.Debug-NET40|Mixed Platforms.ActiveCfg = Debug|x86
		{E004B1DB-69C9-4C14-BBFC-B0092B80FD60}.Debug-NET40|Mixed Platforms.Build.0 = Debug|x86
		{E004B1DB-69C9-4C14-BBFC-B0092B80FD60}.Debug-NET40|x86.ActiveCfg = Debug|x86
		{E004B1DB-69C9-4C14-BBFC-B0092B80FD60}.Debug-NET40|x86.Build.0 = Debug|x86
		{E004B1DB-69C9-4C14-BBFC-B0092B80FD60}.Release|Any CPU.ActiveCfg = Release|x86
		{E004B1DB-69C9-4C14-BBFC-B0092B80FD60}.Release|Any CPU.Build.0 = Release|x86
		{E004B1DB-69C9-4C14-BBFC-B0092B80FD60}.Release|Mixed Platforms.ActiveCfg = Release|x86
		{E004B1DB-69C9-4C14-BBFC-B0092B80FD60}.Release|Mixed Platforms.Build.0 = Release|x86
		{E004B1DB-69C9-4C14-BBFC-B0092B80FD60}.Release|x86.ActiveCfg = Release|Any CPU
		{E004B1DB-69C9-4C14-BBFC-B0092B80FD60}.Release|x86.Build.0 = Release|Any CPU
		{E004B1DB-69C9-4C14-BBFC-B0092B80FD60}.Release-NET35|Any CPU.ActiveCfg = Release|Any CPU
		{E004B1DB-69C9-4C14-BBFC-B0092B80FD60}.Release-NET35|Any CPU.Build.0 = Release|Any CPU
		{E004B1DB-69C9-4C14-BBFC-B0092B80FD60}.Release-NET35|Mixed Platforms.ActiveCfg = Release|x86
		{E004B1DB-69C9-4C14-BBFC-B0092B80FD60}.Release-NET35|Mixed Platforms.Build.0 = Release|x86
		{E004B1DB-69C9-4C14-BBFC-B0092B80FD60}.Release-NET35|x86.ActiveCfg = Release|x86
		{E004B1DB-69C9-4C14-BBFC-B0092B80FD60}.Release-NET35|x86.Build.0 = Release|x86
		{E004B1DB-69C9-4C14-BBFC-B0092B80FD60}.Release-NET40|Any CPU.ActiveCfg = Release|Any CPU
		{E004B1DB-69C9-4C14-BBFC-B0092B80FD60}.Release-NET40|Any CPU.Build.0 = Release|Any CPU
		{E004B1DB-69C9-4C14-BBFC-B0092B80FD60}.Release-NET40|Mixed Platforms.ActiveCfg = Release|x86
		{E004B1DB-69C9-4C14-BBFC-B0092B80FD60}.Release-NET40|Mixed Platforms.Build.0 = Release|x86
		{E004B1DB-69C9-4C14-BBFC-B0092B80FD60}.Release-NET40|x86.ActiveCfg = Release|x86
		{E004B1DB-69C9-4C14-BBFC-B0092B80FD60}.Release-NET40|x86.Build.0 = Release|x86
		{DA8222DF-985C-4532-BE17-9B9BE9EDFDA2}.Debug|Any CPU.ActiveCfg = Debug|Any CPU
		{DA8222DF-985C-4532-BE17-9B9BE9EDFDA2}.Debug|Any CPU.Build.0 = Debug|Any CPU
		{DA8222DF-985C-4532-BE17-9B9BE9EDFDA2}.Debug|Mixed Platforms.ActiveCfg = Debug|Any CPU
		{DA8222DF-985C-4532-BE17-9B9BE9EDFDA2}.Debug|Mixed Platforms.Build.0 = Debug|Any CPU
		{DA8222DF-985C-4532-BE17-9B9BE9EDFDA2}.Debug|x86.ActiveCfg = Debug|Any CPU
		{DA8222DF-985C-4532-BE17-9B9BE9EDFDA2}.Debug|x86.Build.0 = Debug|Any CPU
		{DA8222DF-985C-4532-BE17-9B9BE9EDFDA2}.Debug-NET35|Any CPU.ActiveCfg = Debug|Any CPU
		{DA8222DF-985C-4532-BE17-9B9BE9EDFDA2}.Debug-NET35|Any CPU.Build.0 = Debug|Any CPU
		{DA8222DF-985C-4532-BE17-9B9BE9EDFDA2}.Debug-NET35|Mixed Platforms.ActiveCfg = Debug|Any CPU
		{DA8222DF-985C-4532-BE17-9B9BE9EDFDA2}.Debug-NET35|Mixed Platforms.Build.0 = Debug|Any CPU
		{DA8222DF-985C-4532-BE17-9B9BE9EDFDA2}.Debug-NET35|x86.ActiveCfg = Debug|Any CPU
		{DA8222DF-985C-4532-BE17-9B9BE9EDFDA2}.Debug-NET35|x86.Build.0 = Debug|Any CPU
		{DA8222DF-985C-4532-BE17-9B9BE9EDFDA2}.Debug-NET40|Any CPU.ActiveCfg = Debug|Any CPU
		{DA8222DF-985C-4532-BE17-9B9BE9EDFDA2}.Debug-NET40|Any CPU.Build.0 = Debug|Any CPU
		{DA8222DF-985C-4532-BE17-9B9BE9EDFDA2}.Debug-NET40|Mixed Platforms.ActiveCfg = Debug|Any CPU
		{DA8222DF-985C-4532-BE17-9B9BE9EDFDA2}.Debug-NET40|Mixed Platforms.Build.0 = Debug|Any CPU
		{DA8222DF-985C-4532-BE17-9B9BE9EDFDA2}.Debug-NET40|x86.ActiveCfg = Debug|Any CPU
		{DA8222DF-985C-4532-BE17-9B9BE9EDFDA2}.Debug-NET40|x86.Build.0 = Debug|Any CPU
		{DA8222DF-985C-4532-BE17-9B9BE9EDFDA2}.Release|Any CPU.ActiveCfg = Release|Any CPU
		{DA8222DF-985C-4532-BE17-9B9BE9EDFDA2}.Release|Any CPU.Build.0 = Release|Any CPU
		{DA8222DF-985C-4532-BE17-9B9BE9EDFDA2}.Release|Mixed Platforms.ActiveCfg = Release|Any CPU
		{DA8222DF-985C-4532-BE17-9B9BE9EDFDA2}.Release|Mixed Platforms.Build.0 = Release|Any CPU
		{DA8222DF-985C-4532-BE17-9B9BE9EDFDA2}.Release|x86.ActiveCfg = Release|Any CPU
		{DA8222DF-985C-4532-BE17-9B9BE9EDFDA2}.Release|x86.Build.0 = Release|Any CPU
		{DA8222DF-985C-4532-BE17-9B9BE9EDFDA2}.Release-NET35|Any CPU.ActiveCfg = Release|Any CPU
		{DA8222DF-985C-4532-BE17-9B9BE9EDFDA2}.Release-NET35|Any CPU.Build.0 = Release|Any CPU
		{DA8222DF-985C-4532-BE17-9B9BE9EDFDA2}.Release-NET35|Mixed Platforms.ActiveCfg = Release|Any CPU
		{DA8222DF-985C-4532-BE17-9B9BE9EDFDA2}.Release-NET35|Mixed Platforms.Build.0 = Release|Any CPU
		{DA8222DF-985C-4532-BE17-9B9BE9EDFDA2}.Release-NET35|x86.ActiveCfg = Release|Any CPU
		{DA8222DF-985C-4532-BE17-9B9BE9EDFDA2}.Release-NET35|x86.Build.0 = Release|Any CPU
		{DA8222DF-985C-4532-BE17-9B9BE9EDFDA2}.Release-NET40|Any CPU.ActiveCfg = Release|Any CPU
		{DA8222DF-985C-4532-BE17-9B9BE9EDFDA2}.Release-NET40|Any CPU.Build.0 = Release|Any CPU
		{DA8222DF-985C-4532-BE17-9B9BE9EDFDA2}.Release-NET40|Mixed Platforms.ActiveCfg = Release|Any CPU
		{DA8222DF-985C-4532-BE17-9B9BE9EDFDA2}.Release-NET40|Mixed Platforms.Build.0 = Release|Any CPU
		{DA8222DF-985C-4532-BE17-9B9BE9EDFDA2}.Release-NET40|x86.ActiveCfg = Release|Any CPU
		{DA8222DF-985C-4532-BE17-9B9BE9EDFDA2}.Release-NET40|x86.Build.0 = Release|Any CPU
		{D61444F0-3631-43E1-B8E7-D865FF9CD9E4}.Debug|Any CPU.ActiveCfg = Debug|Any CPU
		{D61444F0-3631-43E1-B8E7-D865FF9CD9E4}.Debug|Any CPU.Build.0 = Debug|Any CPU
		{D61444F0-3631-43E1-B8E7-D865FF9CD9E4}.Debug|Mixed Platforms.ActiveCfg = Debug|Any CPU
		{D61444F0-3631-43E1-B8E7-D865FF9CD9E4}.Debug|Mixed Platforms.Build.0 = Debug|Any CPU
		{D61444F0-3631-43E1-B8E7-D865FF9CD9E4}.Debug|x86.ActiveCfg = Debug|Any CPU
		{D61444F0-3631-43E1-B8E7-D865FF9CD9E4}.Debug|x86.Build.0 = Debug|Any CPU
		{D61444F0-3631-43E1-B8E7-D865FF9CD9E4}.Debug-NET35|Any CPU.ActiveCfg = Debug|Any CPU
		{D61444F0-3631-43E1-B8E7-D865FF9CD9E4}.Debug-NET35|Any CPU.Build.0 = Debug|Any CPU
		{D61444F0-3631-43E1-B8E7-D865FF9CD9E4}.Debug-NET35|Mixed Platforms.ActiveCfg = Debug|Any CPU
		{D61444F0-3631-43E1-B8E7-D865FF9CD9E4}.Debug-NET35|Mixed Platforms.Build.0 = Debug|Any CPU
		{D61444F0-3631-43E1-B8E7-D865FF9CD9E4}.Debug-NET35|x86.ActiveCfg = Debug|Any CPU
		{D61444F0-3631-43E1-B8E7-D865FF9CD9E4}.Debug-NET35|x86.Build.0 = Debug|Any CPU
		{D61444F0-3631-43E1-B8E7-D865FF9CD9E4}.Debug-NET40|Any CPU.ActiveCfg = Debug|Any CPU
		{D61444F0-3631-43E1-B8E7-D865FF9CD9E4}.Debug-NET40|Any CPU.Build.0 = Debug|Any CPU
		{D61444F0-3631-43E1-B8E7-D865FF9CD9E4}.Debug-NET40|Mixed Platforms.ActiveCfg = Debug|Any CPU
		{D61444F0-3631-43E1-B8E7-D865FF9CD9E4}.Debug-NET40|Mixed Platforms.Build.0 = Debug|Any CPU
		{D61444F0-3631-43E1-B8E7-D865FF9CD9E4}.Debug-NET40|x86.ActiveCfg = Debug|Any CPU
		{D61444F0-3631-43E1-B8E7-D865FF9CD9E4}.Debug-NET40|x86.Build.0 = Debug|Any CPU
		{D61444F0-3631-43E1-B8E7-D865FF9CD9E4}.Release|Any CPU.ActiveCfg = Release|Any CPU
		{D61444F0-3631-43E1-B8E7-D865FF9CD9E4}.Release|Any CPU.Build.0 = Release|Any CPU
		{D61444F0-3631-43E1-B8E7-D865FF9CD9E4}.Release|Mixed Platforms.ActiveCfg = Release|Any CPU
		{D61444F0-3631-43E1-B8E7-D865FF9CD9E4}.Release|Mixed Platforms.Build.0 = Release|Any CPU
		{D61444F0-3631-43E1-B8E7-D865FF9CD9E4}.Release|x86.ActiveCfg = Release|Any CPU
		{D61444F0-3631-43E1-B8E7-D865FF9CD9E4}.Release|x86.Build.0 = Release|Any CPU
		{D61444F0-3631-43E1-B8E7-D865FF9CD9E4}.Release-NET35|Any CPU.ActiveCfg = Release|Any CPU
		{D61444F0-3631-43E1-B8E7-D865FF9CD9E4}.Release-NET35|Any CPU.Build.0 = Release|Any CPU
		{D61444F0-3631-43E1-B8E7-D865FF9CD9E4}.Release-NET35|Mixed Platforms.ActiveCfg = Release|Any CPU
		{D61444F0-3631-43E1-B8E7-D865FF9CD9E4}.Release-NET35|Mixed Platforms.Build.0 = Release|Any CPU
		{D61444F0-3631-43E1-B8E7-D865FF9CD9E4}.Release-NET35|x86.ActiveCfg = Release|Any CPU
		{D61444F0-3631-43E1-B8E7-D865FF9CD9E4}.Release-NET35|x86.Build.0 = Release|Any CPU
		{D61444F0-3631-43E1-B8E7-D865FF9CD9E4}.Release-NET40|Any CPU.ActiveCfg = Release|Any CPU
		{D61444F0-3631-43E1-B8E7-D865FF9CD9E4}.Release-NET40|Any CPU.Build.0 = Release|Any CPU
		{D61444F0-3631-43E1-B8E7-D865FF9CD9E4}.Release-NET40|Mixed Platforms.ActiveCfg = Release|Any CPU
		{D61444F0-3631-43E1-B8E7-D865FF9CD9E4}.Release-NET40|Mixed Platforms.Build.0 = Release|Any CPU
		{D61444F0-3631-43E1-B8E7-D865FF9CD9E4}.Release-NET40|x86.ActiveCfg = Release|Any CPU
		{D61444F0-3631-43E1-B8E7-D865FF9CD9E4}.Release-NET40|x86.Build.0 = Release|Any CPU
		{E3D30C28-9EF4-4870-89A6-3BFF0D827E37}.Debug|Any CPU.ActiveCfg = Debug
		{E3D30C28-9EF4-4870-89A6-3BFF0D827E37}.Debug|Mixed Platforms.ActiveCfg = Debug
		{E3D30C28-9EF4-4870-89A6-3BFF0D827E37}.Debug|x86.ActiveCfg = Debug
		{E3D30C28-9EF4-4870-89A6-3BFF0D827E37}.Debug-NET35|Any CPU.ActiveCfg = Debug
		{E3D30C28-9EF4-4870-89A6-3BFF0D827E37}.Debug-NET35|Any CPU.Build.0 = Debug
		{E3D30C28-9EF4-4870-89A6-3BFF0D827E37}.Debug-NET35|Mixed Platforms.ActiveCfg = Debug
		{E3D30C28-9EF4-4870-89A6-3BFF0D827E37}.Debug-NET35|Mixed Platforms.Build.0 = Debug
		{E3D30C28-9EF4-4870-89A6-3BFF0D827E37}.Debug-NET35|x86.ActiveCfg = Debug
		{E3D30C28-9EF4-4870-89A6-3BFF0D827E37}.Debug-NET35|x86.Build.0 = Debug
		{E3D30C28-9EF4-4870-89A6-3BFF0D827E37}.Debug-NET40|Any CPU.ActiveCfg = Debug
		{E3D30C28-9EF4-4870-89A6-3BFF0D827E37}.Debug-NET40|Any CPU.Build.0 = Debug
		{E3D30C28-9EF4-4870-89A6-3BFF0D827E37}.Debug-NET40|Mixed Platforms.ActiveCfg = Debug
		{E3D30C28-9EF4-4870-89A6-3BFF0D827E37}.Debug-NET40|Mixed Platforms.Build.0 = Debug
		{E3D30C28-9EF4-4870-89A6-3BFF0D827E37}.Debug-NET40|x86.ActiveCfg = Debug
		{E3D30C28-9EF4-4870-89A6-3BFF0D827E37}.Debug-NET40|x86.Build.0 = Debug
		{E3D30C28-9EF4-4870-89A6-3BFF0D827E37}.Release|Any CPU.ActiveCfg = Release
		{E3D30C28-9EF4-4870-89A6-3BFF0D827E37}.Release|Mixed Platforms.ActiveCfg = Release
		{E3D30C28-9EF4-4870-89A6-3BFF0D827E37}.Release|x86.ActiveCfg = Release
		{E3D30C28-9EF4-4870-89A6-3BFF0D827E37}.Release-NET35|Any CPU.ActiveCfg = Release
		{E3D30C28-9EF4-4870-89A6-3BFF0D827E37}.Release-NET35|Any CPU.Build.0 = Release
		{E3D30C28-9EF4-4870-89A6-3BFF0D827E37}.Release-NET35|Mixed Platforms.ActiveCfg = Release
		{E3D30C28-9EF4-4870-89A6-3BFF0D827E37}.Release-NET35|Mixed Platforms.Build.0 = Release
		{E3D30C28-9EF4-4870-89A6-3BFF0D827E37}.Release-NET35|x86.ActiveCfg = Release
		{E3D30C28-9EF4-4870-89A6-3BFF0D827E37}.Release-NET35|x86.Build.0 = Release
		{E3D30C28-9EF4-4870-89A6-3BFF0D827E37}.Release-NET40|Any CPU.ActiveCfg = Release
		{E3D30C28-9EF4-4870-89A6-3BFF0D827E37}.Release-NET40|Any CPU.Build.0 = Release
		{E3D30C28-9EF4-4870-89A6-3BFF0D827E37}.Release-NET40|Mixed Platforms.ActiveCfg = Release
		{E3D30C28-9EF4-4870-89A6-3BFF0D827E37}.Release-NET40|Mixed Platforms.Build.0 = Release
		{E3D30C28-9EF4-4870-89A6-3BFF0D827E37}.Release-NET40|x86.ActiveCfg = Release
		{E3D30C28-9EF4-4870-89A6-3BFF0D827E37}.Release-NET40|x86.Build.0 = Release
	EndGlobalSection
	GlobalSection(SolutionProperties) = preSolution
		HideSolutionNode = FALSE
	EndGlobalSection
	GlobalSection(ExtensibilityGlobals) = postSolution
		SolutionGuid = {9C7C34F8-02A4-4D28-B8ED-B4DF91B55730}
	EndGlobalSection
EndGlobal
